// !$*UTF8*$!
{
	archiveVersion = 1;
	classes = {
	};
	objectVersion = 46;
	objects = {

/* Begin PBXFileReference section */
		802D699A147A014500DAAA55 /* server.cpp */ = {isa = PBXFileReference; fileEncoding = 4; lastKnownFileType = sourcecode.cpp.cpp; name = server.cpp; path = ../src/server.cpp; sourceTree = "<group>"; };
		80746AC7147C950300B48B98 /* archiver.cpp */ = {isa = PBXFileReference; fileEncoding = 4; lastKnownFileType = sourcecode.cpp.cpp; name = archiver.cpp; path = ../src/archiver.cpp; sourceTree = "<group>"; };
		80746AC8147C950300B48B98 /* archiver.h */ = {isa = PBXFileReference; fileEncoding = 4; lastKnownFileType = sourcecode.c.h; name = archiver.h; path = ../src/archiver.h; sourceTree = "<group>"; };
		80746AC9147C950300B48B98 /* sender.cpp */ = {isa = PBXFileReference; fileEncoding = 4; lastKnownFileType = sourcecode.cpp.cpp; name = sender.cpp; path = ../src/sender.cpp; sourceTree = "<group>"; };
		80746ACA147C950300B48B98 /* sender.h */ = {isa = PBXFileReference; fileEncoding = 4; lastKnownFileType = sourcecode.c.h; name = sender.h; path = ../src/sender.h; sourceTree = "<group>"; };
		80746ACC147C998600B48B98 /* shmem.cpp */ = {isa = PBXFileReference; fileEncoding = 4; lastKnownFileType = sourcecode.cpp.cpp; name = shmem.cpp; path = ../src/shmem.cpp; sourceTree = "<group>"; };
		80746ACD147C998600B48B98 /* shmem.h */ = {isa = PBXFileReference; fileEncoding = 4; lastKnownFileType = sourcecode.c.h; name = shmem.h; path = ../src/shmem.h; sourceTree = "<group>"; };
		80F5F63E147B796D00668F39 /* protocol.cpp */ = {isa = PBXFileReference; fileEncoding = 4; lastKnownFileType = sourcecode.cpp.cpp; path = protocol.cpp; sourceTree = "<group>"; };
		80F5F63F147B796D00668F39 /* protocol.h */ = {isa = PBXFileReference; fileEncoding = 4; lastKnownFileType = sourcecode.c.h; path = protocol.h; sourceTree = "<group>"; };
		80F5F640147B796D00668F39 /* transport.cpp */ = {isa = PBXFileReference; fileEncoding = 4; lastKnownFileType = sourcecode.cpp.cpp; path = transport.cpp; sourceTree = "<group>"; };
		80F5F641147B796D00668F39 /* transport.h */ = {isa = PBXFileReference; fileEncoding = 4; lastKnownFileType = sourcecode.c.h; path = transport.h; sourceTree = "<group>"; };
		80F5F643147B9B5F00668F39 /* receiver.cpp */ = {isa = PBXFileReference; fileEncoding = 4; lastKnownFileType = sourcecode.cpp.cpp; name = receiver.cpp; path = ../src/receiver.cpp; sourceTree = "<group>"; };
		80F5F644147B9B5F00668F39 /* receiver.h */ = {isa = PBXFileReference; fileEncoding = 4; lastKnownFileType = sourcecode.c.h; name = receiver.h; path = ../src/receiver.h; sourceTree = "<group>"; };
/* End PBXFileReference section */

/* Begin PBXGroup section */
		80E9C5371479F316004E6702 = {
			isa = PBXGroup;
			children = (
				80746AC7147C950300B48B98 /* archiver.cpp */,
				80746AC8147C950300B48B98 /* archiver.h */,
				80746AC9147C950300B48B98 /* sender.cpp */,
				80746ACA147C950300B48B98 /* sender.h */,
				80F5F643147B9B5F00668F39 /* receiver.cpp */,
				80F5F644147B9B5F00668F39 /* receiver.h */,
				80F5F63D147B796D00668F39 /* sauron-protocol */,
				802D699A147A014500DAAA55 /* server.cpp */,
				80746ACC147C998600B48B98 /* shmem.cpp */,
				80746ACD147C998600B48B98 /* shmem.h */,
			);
			sourceTree = "<group>";
		};
		80F5F63D147B796D00668F39 /* sauron-protocol */ = {
			isa = PBXGroup;
			children = (
				80F5F63E147B796D00668F39 /* protocol.cpp */,
				80F5F63F147B796D00668F39 /* protocol.h */,
				80F5F640147B796D00668F39 /* transport.cpp */,
				80F5F641147B796D00668F39 /* transport.h */,
			);
			name = "sauron-protocol";
			path = "../../sauron-protocol";
			sourceTree = "<group>";
		};
/* End PBXGroup section */

/* Begin PBXLegacyTarget section */
		80E9C53E1479F316004E6702 /* sauron-server */ = {
			isa = PBXLegacyTarget;
			buildArgumentsString = "$(ACTION)";
			buildConfigurationList = 80E9C5411479F316004E6702 /* Build configuration list for PBXLegacyTarget "sauron-server" */;
			buildPhases = (
			);
			buildToolPath = /usr/bin/make;
			buildWorkingDirectory = ../linux;
			dependencies = (
			);
			name = "sauron-server";
			passBuildSettingsInEnvironment = 1;
			productName = "sauron-server";
		};
/* End PBXLegacyTarget section */

/* Begin PBXProject section */
		80E9C5391479F316004E6702 /* Project object */ = {
			isa = PBXProject;
			attributes = {
				LastUpgradeCheck = 0420;
				ORGANIZATIONNAME = "TriSource Software";
			};
			buildConfigurationList = 80E9C53C1479F316004E6702 /* Build configuration list for PBXProject "sauron-server" */;
			compatibilityVersion = "Xcode 3.2";
			developmentRegion = English;
			hasScannedForEncodings = 0;
			knownRegions = (
				en,
			);
			mainGroup = 80E9C5371479F316004E6702;
			projectDirPath = "";
			projectRoot = "";
			targets = (
				80E9C53E1479F316004E6702 /* sauron-server */,
			);
		};
/* End PBXProject section */

/* Begin XCBuildConfiguration section */
		80E9C53F1479F316004E6702 /* Debug */ = {
			isa = XCBuildConfiguration;
			buildSettings = {
				ALWAYS_SEARCH_USER_PATHS = NO;
				ARCHS = "$(ARCHS_STANDARD_64_BIT)";
				COPY_PHASE_STRIP = NO;
				GCC_C_LANGUAGE_STANDARD = gnu99;
				GCC_DYNAMIC_NO_PIC = NO;
				GCC_ENABLE_OBJC_EXCEPTIONS = YES;
				GCC_OPTIMIZATION_LEVEL = 0;
				GCC_PREPROCESSOR_DEFINITIONS = (
					"DEBUG=1",
					"$(inherited)",
				);
				GCC_SYMBOLS_PRIVATE_EXTERN = NO;
				GCC_VERSION = com.apple.compilers.llvm.clang.1_0;
				GCC_WARN_64_TO_32_BIT_CONVERSION = YES;
				GCC_WARN_ABOUT_MISSING_PROTOTYPES = YES;
				GCC_WARN_ABOUT_RETURN_TYPE = YES;
				GCC_WARN_UNUSED_VARIABLE = YES;
				MACOSX_DEPLOYMENT_TARGET = 10.6;
				ONLY_ACTIVE_ARCH = YES;
				SDKROOT = macosx;
			};
			name = Debug;
		};
		80E9C5401479F316004E6702 /* Release */ = {
			isa = XCBuildConfiguration;
			buildSettings = {
				ALWAYS_SEARCH_USER_PATHS = NO;
				ARCHS = "$(ARCHS_STANDARD_64_BIT)";
				COPY_PHASE_STRIP = YES;
				DEBUG_INFORMATION_FORMAT = "dwarf-with-dsym";
				GCC_C_LANGUAGE_STANDARD = gnu99;
				GCC_ENABLE_OBJC_EXCEPTIONS = YES;
				GCC_VERSION = com.apple.compilers.llvm.clang.1_0;
				GCC_WARN_64_TO_32_BIT_CONVERSION = YES;
				GCC_WARN_ABOUT_MISSING_PROTOTYPES = YES;
				GCC_WARN_ABOUT_RETURN_TYPE = YES;
				GCC_WARN_UNUSED_VARIABLE = YES;
				MACOSX_DEPLOYMENT_TARGET = 10.6;
				SDKROOT = macosx;
			};
			name = Release;
		};
		80E9C5421479F316004E6702 /* Debug */ = {
			isa = XCBuildConfiguration;
			buildSettings = {
				DEBUGGING_SYMBOLS = YES;
				GCC_GENERATE_DEBUGGING_SYMBOLS = YES;
				GCC_OPTIMIZATION_LEVEL = 0;
				OTHER_CFLAGS = "";
				OTHER_LDFLAGS = "";
				PRODUCT_NAME = "$(TARGET_NAME)";
			};
			name = Debug;
		};
		80E9C5431479F316004E6702 /* Release */ = {
			isa = XCBuildConfiguration;
			buildSettings = {
				OTHER_CFLAGS = "";
				OTHER_LDFLAGS = "";
				PRODUCT_NAME = "$(TARGET_NAME)";
			};
			name = Release;
		};
/* End XCBuildConfiguration section */

/* Begin XCConfigurationList section */
		80E9C53C1479F316004E6702 /* Build configuration list for PBXProject "sauron-server" */ = {
			isa = XCConfigurationList;
			buildConfigurations = (
				80E9C53F1479F316004E6702 /* Debug */,
				80E9C5401479F316004E6702 /* Release */,
			);
			defaultConfigurationIsVisible = 0;
			defaultConfigurationName = Release;
		};
		80E9C5411479F316004E6702 /* Build configuration list for PBXLegacyTarget "sauron-server" */ = {
			isa = XCConfigurationList;
			buildConfigurations = (
				80E9C5421479F316004E6702 /* Debug */,
				80E9C5431479F316004E6702 /* Release */,
			);
			defaultConfigurationIsVisible = 0;
			defaultConfigurationName = Release;
		};
/* End XCConfigurationList section */
	};
	rootObject = 80E9C5391479F316004E6702 /* Project object */;
}
